
Microsoft Visual Studio Solution File, Format Version 12.00
# Visual Studio Version 17
VisualStudioVersion = 17.11.35312.102
MinimumVisualStudioVersion = 10.0.40219.1
Project("{2150E333-8FDC-42A3-9474-1A3956D46DE8}") = "Services", "Services", "{58847B99-2BC7-43DA-8108-129DAC9CB594}"
EndProject
Project("{2150E333-8FDC-42A3-9474-1A3956D46DE8}") = "Catalog", "Catalog", "{C28A9FB5-29ED-4C03-AE7C-8605828C94FC}"
EndProject
Project("{9A19103F-16F7-4668-BE54-9A1E7A4F7556}") = "Catalog.API", "src\Services\Catalog\Catalog.API\Catalog.API.csproj", "{B1AAF234-875D-44E1-AB3F-89A16450B868}"
EndProject
Project("{2150E333-8FDC-42A3-9474-1A3956D46DE8}") = "BuildingBlocks", "BuildingBlocks", "{7228C4FD-A4F9-4DA6-9505-07059124994F}"
EndProject
Project("{9A19103F-16F7-4668-BE54-9A1E7A4F7556}") = "BuildingBlocks", "src\BuildingBlocks\BuildingBlocks\BuildingBlocks.csproj", "{94B53544-78B9-4236-9BCC-D82294A8C611}"
EndProject
Project("{E53339B2-1760-4266-BCC7-CA923CBCF16C}") = "docker-compose", "docker-compose.dcproj", "{CDE95915-9560-41F9-A838-29012FB9AB3D}"
EndProject
Project("{2150E333-8FDC-42A3-9474-1A3956D46DE8}") = "Basket", "Basket", "{DC573676-23AB-4647-84EE-060E82C73F26}"
EndProject
Project("{9A19103F-16F7-4668-BE54-9A1E7A4F7556}") = "Basket.API", "src\Services\Basket.API\Basket.API.csproj", "{01874630-1A07-40D2-960D-DB9D9C922B93}"
EndProject
Project("{2150E333-8FDC-42A3-9474-1A3956D46DE8}") = "Discount", "Discount", "{230B58A5-2F87-4FF7-BE31-7BDB9453FB83}"
EndProject
Project("{9A19103F-16F7-4668-BE54-9A1E7A4F7556}") = "Discount.Grpc", "src\Services\Discount.Grpc\Discount.Grpc.csproj", "{DA39B86A-2455-4CC0-9F04-3AE94B4125AE}"
EndProject
Project("{2150E333-8FDC-42A3-9474-1A3956D46DE8}") = "Ordering", "Ordering", "{38DCA055-2462-4550-BEFB-CF731434F24C}"
EndProject
Project("{9A19103F-16F7-4668-BE54-9A1E7A4F7556}") = "Ordering.API", "src\Services\Ordering.API\Ordering.API.csproj", "{2A90BAAD-A459-47FD-BF6D-91E36647F106}"
EndProject
Project("{9A19103F-16F7-4668-BE54-9A1E7A4F7556}") = "Ordering.Domain", "src\Services\Ordering.Domain\Ordering.Domain.csproj", "{9945BB82-A09D-47C3-9F5B-2F0374272445}"
EndProject
Project("{9A19103F-16F7-4668-BE54-9A1E7A4F7556}") = "Ordering.Application", "src\Services\Ordering.Application\Ordering.Application.csproj", "{FB17E93A-95AF-4E40-9785-98C5AB10905B}"
EndProject
Project("{9A19103F-16F7-4668-BE54-9A1E7A4F7556}") = "Ordering.Infrastructure", "src\Services\Ordering.Infrastructure\Ordering.Infrastructure.csproj", "{C54B92A0-2925-481E-9B94-B09C3EA0C38C}"
EndProject
Project("{FAE04EC0-301F-11D3-BF4B-00C04F79EFBC}") = "BuildingBlocks.Messaging", "src\BuildingBlocks\BuildingBlocks.Messaging\BuildingBlocks.Messaging.csproj", "{8D25C154-D5BD-4335-9E93-45F63FFA6C38}"
EndProject
Global
	GlobalSection(SolutionConfigurationPlatforms) = preSolution
		Debug|Any CPU = Debug|Any CPU
		Release|Any CPU = Release|Any CPU
	EndGlobalSection
	GlobalSection(ProjectConfigurationPlatforms) = postSolution
		{B1AAF234-875D-44E1-AB3F-89A16450B868}.Debug|Any CPU.ActiveCfg = Debug|Any CPU
		{B1AAF234-875D-44E1-AB3F-89A16450B868}.Debug|Any CPU.Build.0 = Debug|Any CPU
		{B1AAF234-875D-44E1-AB3F-89A16450B868}.Release|Any CPU.ActiveCfg = Release|Any CPU
		{B1AAF234-875D-44E1-AB3F-89A16450B868}.Release|Any CPU.Build.0 = Release|Any CPU
		{94B53544-78B9-4236-9BCC-D82294A8C611}.Debug|Any CPU.ActiveCfg = Debug|Any CPU
		{94B53544-78B9-4236-9BCC-D82294A8C611}.Debug|Any CPU.Build.0 = Debug|Any CPU
		{94B53544-78B9-4236-9BCC-D82294A8C611}.Release|Any CPU.ActiveCfg = Release|Any CPU
		{94B53544-78B9-4236-9BCC-D82294A8C611}.Release|Any CPU.Build.0 = Release|Any CPU
		{CDE95915-9560-41F9-A838-29012FB9AB3D}.Debug|Any CPU.ActiveCfg = Debug|Any CPU
		{CDE95915-9560-41F9-A838-29012FB9AB3D}.Debug|Any CPU.Build.0 = Debug|Any CPU
		{CDE95915-9560-41F9-A838-29012FB9AB3D}.Release|Any CPU.ActiveCfg = Release|Any CPU
		{CDE95915-9560-41F9-A838-29012FB9AB3D}.Release|Any CPU.Build.0 = Release|Any CPU
		{01874630-1A07-40D2-960D-DB9D9C922B93}.Debug|Any CPU.ActiveCfg = Debug|Any CPU
		{01874630-1A07-40D2-960D-DB9D9C922B93}.Debug|Any CPU.Build.0 = Debug|Any CPU
		{01874630-1A07-40D2-960D-DB9D9C922B93}.Release|Any CPU.ActiveCfg = Release|Any CPU
		{01874630-1A07-40D2-960D-DB9D9C922B93}.Release|Any CPU.Build.0 = Release|Any CPU
		{DA39B86A-2455-4CC0-9F04-3AE94B4125AE}.Debug|Any CPU.ActiveCfg = Debug|Any CPU
		{DA39B86A-2455-4CC0-9F04-3AE94B4125AE}.Debug|Any CPU.Build.0 = Debug|Any CPU
		{DA39B86A-2455-4CC0-9F04-3AE94B4125AE}.Release|Any CPU.ActiveCfg = Release|Any CPU
		{DA39B86A-2455-4CC0-9F04-3AE94B4125AE}.Release|Any CPU.Build.0 = Release|Any CPU
		{2A90BAAD-A459-47FD-BF6D-91E36647F106}.Debug|Any CPU.ActiveCfg = Debug|Any CPU
		{2A90BAAD-A459-47FD-BF6D-91E36647F106}.Debug|Any CPU.Build.0 = Debug|Any CPU
		{2A90BAAD-A459-47FD-BF6D-91E36647F106}.Release|Any CPU.ActiveCfg = Release|Any CPU
		{2A90BAAD-A459-47FD-BF6D-91E36647F106}.Release|Any CPU.Build.0 = Release|Any CPU
		{9945BB82-A09D-47C3-9F5B-2F0374272445}.Debug|Any CPU.ActiveCfg = Debug|Any CPU
		{9945BB82-A09D-47C3-9F5B-2F0374272445}.Debug|Any CPU.Build.0 = Debug|Any CPU
		{9945BB82-A09D-47C3-9F5B-2F0374272445}.Release|Any CPU.ActiveCfg = Release|Any CPU
		{9945BB82-A09D-47C3-9F5B-2F0374272445}.Release|Any CPU.Build.0 = Release|Any CPU
		{FB17E93A-95AF-4E40-9785-98C5AB10905B}.Debug|Any CPU.ActiveCfg = Debug|Any CPU
		{FB17E93A-95AF-4E40-9785-98C5AB10905B}.Debug|Any CPU.Build.0 = Debug|Any CPU
		{FB17E93A-95AF-4E40-9785-98C5AB10905B}.Release|Any CPU.ActiveCfg = Release|Any CPU
		{FB17E93A-95AF-4E40-9785-98C5AB10905B}.Release|Any CPU.Build.0 = Release|Any CPU
		{C54B92A0-2925-481E-9B94-B09C3EA0C38C}.Debug|Any CPU.ActiveCfg = Debug|Any CPU
		{C54B92A0-2925-481E-9B94-B09C3EA0C38C}.Debug|Any CPU.Build.0 = Debug|Any CPU
		{C54B92A0-2925-481E-9B94-B09C3EA0C38C}.Release|Any CPU.ActiveCfg = Release|Any CPU
		{C54B92A0-2925-481E-9B94-B09C3EA0C38C}.Release|Any CPU.Build.0 = Release|Any CPU
		{8D25C154-D5BD-4335-9E93-45F63FFA6C38}.Debug|Any CPU.ActiveCfg = Debug|Any CPU
		{8D25C154-D5BD-4335-9E93-45F63FFA6C38}.Debug|Any CPU.Build.0 = Debug|Any CPU
		{8D25C154-D5BD-4335-9E93-45F63FFA6C38}.Release|Any CPU.ActiveCfg = Release|Any CPU
		{8D25C154-D5BD-4335-9E93-45F63FFA6C38}.Release|Any CPU.Build.0 = Release|Any CPU
	EndGlobalSection
	GlobalSection(SolutionProperties) = preSolution
		HideSolutionNode = FALSE
	EndGlobalSection
	GlobalSection(NestedProjects) = preSolution
		{C28A9FB5-29ED-4C03-AE7C-8605828C94FC} = {58847B99-2BC7-43DA-8108-129DAC9CB594}
		{B1AAF234-875D-44E1-AB3F-89A16450B868} = {C28A9FB5-29ED-4C03-AE7C-8605828C94FC}
		{94B53544-78B9-4236-9BCC-D82294A8C611} = {7228C4FD-A4F9-4DA6-9505-07059124994F}
		{DC573676-23AB-4647-84EE-060E82C73F26} = {58847B99-2BC7-43DA-8108-129DAC9CB594}
		{01874630-1A07-40D2-960D-DB9D9C922B93} = {DC573676-23AB-4647-84EE-060E82C73F26}
		{230B58A5-2F87-4FF7-BE31-7BDB9453FB83} = {58847B99-2BC7-43DA-8108-129DAC9CB594}
		{DA39B86A-2455-4CC0-9F04-3AE94B4125AE} = {230B58A5-2F87-4FF7-BE31-7BDB9453FB83}
		{38DCA055-2462-4550-BEFB-CF731434F24C} = {58847B99-2BC7-43DA-8108-129DAC9CB594}
		{2A90BAAD-A459-47FD-BF6D-91E36647F106} = {38DCA055-2462-4550-BEFB-CF731434F24C}
		{9945BB82-A09D-47C3-9F5B-2F0374272445} = {38DCA055-2462-4550-BEFB-CF731434F24C}
		{FB17E93A-95AF-4E40-9785-98C5AB10905B} = {38DCA055-2462-4550-BEFB-CF731434F24C}
		{C54B92A0-2925-481E-9B94-B09C3EA0C38C} = {38DCA055-2462-4550-BEFB-CF731434F24C}
		{8D25C154-D5BD-4335-9E93-45F63FFA6C38} = {7228C4FD-A4F9-4DA6-9505-07059124994F}
	EndGlobalSection
	GlobalSection(ExtensibilityGlobals) = postSolution
		SolutionGuid = {C6D0145A-0D6D-4768-B7F7-700D39D456CF}
	EndGlobalSection
EndGlobal
